// !$*UTF8*$!
{
	archiveVersion = 1;
	classes = {
	};
	objectVersion = 55;
	objects = {

/* Begin PBXBuildFile section */
		9326A17127D9F3BA00BA78B0 /* Finder.h in Sources */ = {isa = PBXBuildFile; fileRef = 9326A17027D9F3BA00BA78B0 /* Finder.h */; };
		9332D533280BB03D00F9EEFA /* mpeg_file.cpp in Sources */ = {isa = PBXBuildFile; fileRef = 934CC85B27DC30EC001135DA /* mpeg_file.cpp */; };
		9332D534280BB04100F9EEFA /* mpeg_header.cpp in Sources */ = {isa = PBXBuildFile; fileRef = 934CC85F27DC3506001135DA /* mpeg_header.cpp */; };
		9332D535280BB04500F9EEFA /* bext_chunk.cpp in Sources */ = {isa = PBXBuildFile; fileRef = 939443B8280631AF00D0B4C4 /* bext_chunk.cpp */; };
		9332D536280BB04800F9EEFA /* wave_file.cpp in Sources */ = {isa = PBXBuildFile; fileRef = 9326A16427D9D56F00BA78B0 /* wave_file.cpp */; };
		9332D537280BB04C00F9EEFA /* cue_chunk.cpp in Sources */ = {isa = PBXBuildFile; fileRef = 939443B62806263B00D0B4C4 /* cue_chunk.cpp */; };
		9332D538280BB05100F9EEFA /* platform.cpp in Sources */ = {isa = PBXBuildFile; fileRef = 93ED7C902804ADFC009759E5 /* platform.cpp */; };
		9332D53A280BB0A200F9EEFA /* Cocoa.framework in Frameworks */ = {isa = PBXBuildFile; fileRef = 9326A16227D9C8E400BA78B0 /* Cocoa.framework */; };
		9332D53B280BB0B000F9EEFA /* AppKit.framework in Frameworks */ = {isa = PBXBuildFile; fileRef = 9326A17227D9F3E700BA78B0 /* AppKit.framework */; };
		9332D53C280BB0BC00F9EEFA /* ScriptingBridge.framework in Frameworks */ = {isa = PBXBuildFile; fileRef = 9326A17427D9F3EF00BA78B0 /* ScriptingBridge.framework */; };
		9332D53D280BB0D000F9EEFA /* libinsight.dylib in Frameworks */ = {isa = PBXBuildFile; fileRef = 9332D528280BAFD600F9EEFA /* libinsight.dylib */; };
		9332D53E280BB0D000F9EEFA /* libinsight.dylib in Embed Libraries */ = {isa = PBXBuildFile; fileRef = 9332D528280BAFD600F9EEFA /* libinsight.dylib */; settings = {ATTRIBUTES = (CodeSignOnCopy, ); }; };
		9332D542280BB0DE00F9EEFA /* browser_mac.mm in Sources */ = {isa = PBXBuildFile; fileRef = 9363EE2327DD308A0099D4D9 /* browser_mac.mm */; };
		9332D546280BECA900F9EEFA /* list_chunk.cpp in Sources */ = {isa = PBXBuildFile; fileRef = 9332D544280BECA900F9EEFA /* list_chunk.cpp */; };
		9332D547280BECA900F9EEFA /* list_chunk.hpp in Headers */ = {isa = PBXBuildFile; fileRef = 9332D545280BECA900F9EEFA /* list_chunk.hpp */; };
		935EECBA280DB88D00DA4AA7 /* chunk_id.cpp in Sources */ = {isa = PBXBuildFile; fileRef = 935EECB8280DB88D00DA4AA7 /* chunk_id.cpp */; };
		935EECBB280DB88D00DA4AA7 /* chunk_id.hpp in Headers */ = {isa = PBXBuildFile; fileRef = 935EECB9280DB88D00DA4AA7 /* chunk_id.hpp */; };
		935EECBE280DC71B00DA4AA7 /* fmt_chunk.cpp in Sources */ = {isa = PBXBuildFile; fileRef = 935EECBC280DC71B00DA4AA7 /* fmt_chunk.cpp */; };
		935EECBF280DC71B00DA4AA7 /* fmt_chunk.hpp in Headers */ = {isa = PBXBuildFile; fileRef = 935EECBD280DC71B00DA4AA7 /* fmt_chunk.hpp */; };
		935EECC1280DD3C800DA4AA7 /* chunk.hpp in Headers */ = {isa = PBXBuildFile; fileRef = 935EECC0280DD3C800DA4AA7 /* chunk.hpp */; };
		935EECC4280DD81400DA4AA7 /* default_chunk.cpp in Sources */ = {isa = PBXBuildFile; fileRef = 935EECC2280DD81400DA4AA7 /* default_chunk.cpp */; };
		935EECC5280DD81400DA4AA7 /* default_chunk.hpp in Headers */ = {isa = PBXBuildFile; fileRef = 935EECC3280DD81400DA4AA7 /* default_chunk.hpp */; };
		935EECC7280DDE4800DA4AA7 /* chunk.cpp in Sources */ = {isa = PBXBuildFile; fileRef = 935EECC6280DDE4800DA4AA7 /* chunk.cpp */; };
		935EECCB280DEF8E00DA4AA7 /* adtl_list_data.cpp in Sources */ = {isa = PBXBuildFile; fileRef = 935EECC9280DEF8E00DA4AA7 /* adtl_list_data.cpp */; };
		935EECCC280DEF8E00DA4AA7 /* adtl_list_data.hpp in Headers */ = {isa = PBXBuildFile; fileRef = 935EECCA280DEF8E00DA4AA7 /* adtl_list_data.hpp */; };
		935EECCE280E396D00DA4AA7 /* chunk_cache.hpp in Headers */ = {isa = PBXBuildFile; fileRef = 935EECCD280E396D00DA4AA7 /* chunk_cache.hpp */; };
		9381C50D27EE7519009B414B /* ai_wavtime.cpp in Sources */ = {isa = PBXBuildFile; fileRef = 9381C50B27EE7519009B414B /* ai_wavtime.cpp */; };
/* End PBXBuildFile section */

/* Begin PBXContainerItemProxy section */
		9332D531280BB03000F9EEFA /* PBXContainerItemProxy */ = {
			isa = PBXContainerItemProxy;
			containerPortal = 9326A14F27D9C8CE00BA78B0 /* Project object */;
			proxyType = 1;
			remoteGlobalIDString = 9332D527280BAFD600F9EEFA;
			remoteInfo = insight;
		};
		9332D53F280BB0D000F9EEFA /* PBXContainerItemProxy */ = {
			isa = PBXContainerItemProxy;
			containerPortal = 9326A14F27D9C8CE00BA78B0 /* Project object */;
			proxyType = 1;
			remoteGlobalIDString = 9332D527280BAFD600F9EEFA;
			remoteInfo = insight;
		};
/* End PBXContainerItemProxy section */

/* Begin PBXCopyFilesBuildPhase section */
		9326A15527D9C8CE00BA78B0 /* CopyFiles */ = {
			isa = PBXCopyFilesBuildPhase;
			buildActionMask = 2147483647;
			dstPath = /usr/share/man/man1/;
			dstSubfolderSpec = 0;
			files = (
			);
			runOnlyForDeploymentPostprocessing = 1;
		};
		9332D541280BB0D000F9EEFA /* Embed Libraries */ = {
			isa = PBXCopyFilesBuildPhase;
			buildActionMask = 2147483647;
			dstPath = "";
			dstSubfolderSpec = 10;
			files = (
				9332D53E280BB0D000F9EEFA /* libinsight.dylib in Embed Libraries */,
			);
			name = "Embed Libraries";
			runOnlyForDeploymentPostprocessing = 0;
		};
/* End PBXCopyFilesBuildPhase section */

/* Begin PBXFileReference section */
		9326A15727D9C8CE00BA78B0 /* ai_wavtime */ = {isa = PBXFileReference; explicitFileType = "compiled.mach-o.executable"; includeInIndex = 0; path = ai_wavtime; sourceTree = BUILT_PRODUCTS_DIR; };
		9326A16227D9C8E400BA78B0 /* Cocoa.framework */ = {isa = PBXFileReference; lastKnownFileType = wrapper.framework; name = Cocoa.framework; path = System/Library/Frameworks/Cocoa.framework; sourceTree = SDKROOT; };
		9326A16427D9D56F00BA78B0 /* wave_file.cpp */ = {isa = PBXFileReference; lastKnownFileType = sourcecode.cpp.cpp; path = wave_file.cpp; sourceTree = "<group>"; };
		9326A16527D9D56F00BA78B0 /* wave_file.hpp */ = {isa = PBXFileReference; lastKnownFileType = sourcecode.cpp.h; path = wave_file.hpp; sourceTree = "<group>"; };
		9326A16D27D9DA4A00BA78B0 /* audio_file.hpp */ = {isa = PBXFileReference; lastKnownFileType = sourcecode.cpp.h; path = audio_file.hpp; sourceTree = "<group>"; };
		9326A17027D9F3BA00BA78B0 /* Finder.h */ = {isa = PBXFileReference; lastKnownFileType = sourcecode.c.h; path = Finder.h; sourceTree = "<group>"; };
		9326A17227D9F3E700BA78B0 /* AppKit.framework */ = {isa = PBXFileReference; lastKnownFileType = wrapper.framework; name = AppKit.framework; path = System/Library/Frameworks/AppKit.framework; sourceTree = SDKROOT; };
		9326A17427D9F3EF00BA78B0 /* ScriptingBridge.framework */ = {isa = PBXFileReference; lastKnownFileType = wrapper.framework; name = ScriptingBridge.framework; path = System/Library/Frameworks/ScriptingBridge.framework; sourceTree = SDKROOT; };
		9326A17727DA2CDB00BA78B0 /* buffer.hpp */ = {isa = PBXFileReference; lastKnownFileType = sourcecode.cpp.h; path = buffer.hpp; sourceTree = "<group>"; };
		9326A17927DA48AC00BA78B0 /* bext_chunk.hpp */ = {isa = PBXFileReference; lastKnownFileType = sourcecode.cpp.h; path = bext_chunk.hpp; sourceTree = "<group>"; };
		9332D523280BACBF00F9EEFA /* ctpl_stl.h */ = {isa = PBXFileReference; lastKnownFileType = sourcecode.c.h; path = ctpl_stl.h; sourceTree = "<group>"; };
		9332D528280BAFD600F9EEFA /* libinsight.dylib */ = {isa = PBXFileReference; explicitFileType = "compiled.mach-o.dylib"; includeInIndex = 0; path = libinsight.dylib; sourceTree = BUILT_PRODUCTS_DIR; };
		9332D543280BD4FD00F9EEFA /* TODO.txt */ = {isa = PBXFileReference; lastKnownFileType = text; path = TODO.txt; sourceTree = "<group>"; };
		9332D544280BECA900F9EEFA /* list_chunk.cpp */ = {isa = PBXFileReference; lastKnownFileType = sourcecode.cpp.cpp; path = list_chunk.cpp; sourceTree = "<group>"; };
		9332D545280BECA900F9EEFA /* list_chunk.hpp */ = {isa = PBXFileReference; lastKnownFileType = sourcecode.cpp.h; path = list_chunk.hpp; sourceTree = "<group>"; };
		934CC85B27DC30EC001135DA /* mpeg_file.cpp */ = {isa = PBXFileReference; lastKnownFileType = sourcecode.cpp.cpp; path = mpeg_file.cpp; sourceTree = "<group>"; };
		934CC85C27DC30EC001135DA /* mpeg_file.hpp */ = {isa = PBXFileReference; lastKnownFileType = sourcecode.cpp.h; path = mpeg_file.hpp; sourceTree = "<group>"; };
		934CC85E27DC34D0001135DA /* mpeg_header.hpp */ = {isa = PBXFileReference; lastKnownFileType = sourcecode.cpp.h; path = mpeg_header.hpp; sourceTree = "<group>"; };
		934CC85F27DC3506001135DA /* mpeg_header.cpp */ = {isa = PBXFileReference; lastKnownFileType = sourcecode.cpp.cpp; path = mpeg_header.cpp; sourceTree = "<group>"; };
		935EECB8280DB88D00DA4AA7 /* chunk_id.cpp */ = {isa = PBXFileReference; lastKnownFileType = sourcecode.cpp.cpp; path = chunk_id.cpp; sourceTree = "<group>"; };
		935EECB9280DB88D00DA4AA7 /* chunk_id.hpp */ = {isa = PBXFileReference; lastKnownFileType = sourcecode.cpp.h; path = chunk_id.hpp; sourceTree = "<group>"; };
		935EECBC280DC71B00DA4AA7 /* fmt_chunk.cpp */ = {isa = PBXFileReference; lastKnownFileType = sourcecode.cpp.cpp; path = fmt_chunk.cpp; sourceTree = "<group>"; };
		935EECBD280DC71B00DA4AA7 /* fmt_chunk.hpp */ = {isa = PBXFileReference; lastKnownFileType = sourcecode.cpp.h; path = fmt_chunk.hpp; sourceTree = "<group>"; };
		935EECC0280DD3C800DA4AA7 /* chunk.hpp */ = {isa = PBXFileReference; explicitFileType = sourcecode.cpp.h; path = chunk.hpp; sourceTree = "<group>"; };
		935EECC2280DD81400DA4AA7 /* default_chunk.cpp */ = {isa = PBXFileReference; lastKnownFileType = sourcecode.cpp.cpp; path = default_chunk.cpp; sourceTree = "<group>"; };
		935EECC3280DD81400DA4AA7 /* default_chunk.hpp */ = {isa = PBXFileReference; lastKnownFileType = sourcecode.cpp.h; path = default_chunk.hpp; sourceTree = "<group>"; };
		935EECC6280DDE4800DA4AA7 /* chunk.cpp */ = {isa = PBXFileReference; lastKnownFileType = sourcecode.cpp.cpp; path = chunk.cpp; sourceTree = "<group>"; };
		935EECC9280DEF8E00DA4AA7 /* adtl_list_data.cpp */ = {isa = PBXFileReference; lastKnownFileType = sourcecode.cpp.cpp; path = adtl_list_data.cpp; sourceTree = "<group>"; };
		935EECCA280DEF8E00DA4AA7 /* adtl_list_data.hpp */ = {isa = PBXFileReference; lastKnownFileType = sourcecode.cpp.h; path = adtl_list_data.hpp; sourceTree = "<group>"; };
		935EECCD280E396D00DA4AA7 /* chunk_cache.hpp */ = {isa = PBXFileReference; lastKnownFileType = sourcecode.cpp.h; path = chunk_cache.hpp; sourceTree = "<group>"; };
		9363EE2327DD308A0099D4D9 /* browser_mac.mm */ = {isa = PBXFileReference; lastKnownFileType = sourcecode.cpp.objcpp; path = browser_mac.mm; sourceTree = "<group>"; };
		9363EE2427DD308A0099D4D9 /* browser_mac.hpp */ = {isa = PBXFileReference; lastKnownFileType = sourcecode.cpp.h; path = browser_mac.hpp; sourceTree = "<group>"; };
		9363EE2627DD322E0099D4D9 /* swap_endian.hpp */ = {isa = PBXFileReference; lastKnownFileType = sourcecode.cpp.h; path = swap_endian.hpp; sourceTree = "<group>"; };
		9381C50B27EE7519009B414B /* ai_wavtime.cpp */ = {isa = PBXFileReference; lastKnownFileType = sourcecode.cpp.cpp; name = ai_wavtime.cpp; path = Source/ai_wavtime.cpp; sourceTree = SOURCE_ROOT; };
		9381C50C27EE7519009B414B /* ai_wavtime.hpp */ = {isa = PBXFileReference; lastKnownFileType = sourcecode.cpp.h; name = ai_wavtime.hpp; path = Source/ai_wavtime.hpp; sourceTree = SOURCE_ROOT; };
		939443B62806263B00D0B4C4 /* cue_chunk.cpp */ = {isa = PBXFileReference; lastKnownFileType = sourcecode.cpp.cpp; path = cue_chunk.cpp; sourceTree = "<group>"; };
		939443B72806263B00D0B4C4 /* cue_chunk.hpp */ = {isa = PBXFileReference; lastKnownFileType = sourcecode.cpp.h; path = cue_chunk.hpp; sourceTree = "<group>"; };
		939443B8280631AF00D0B4C4 /* bext_chunk.cpp */ = {isa = PBXFileReference; lastKnownFileType = sourcecode.cpp.cpp; path = bext_chunk.cpp; sourceTree = "<group>"; };
		93ED7C902804ADFC009759E5 /* platform.cpp */ = {isa = PBXFileReference; lastKnownFileType = sourcecode.cpp.cpp; path = platform.cpp; sourceTree = "<group>"; };
		93ED7C912804ADFC009759E5 /* platform.hpp */ = {isa = PBXFileReference; lastKnownFileType = sourcecode.cpp.h; path = platform.hpp; sourceTree = "<group>"; };
/* End PBXFileReference section */

/* Begin PBXFrameworksBuildPhase section */
		9326A15427D9C8CE00BA78B0 /* Frameworks */ = {
			isa = PBXFrameworksBuildPhase;
			buildActionMask = 2147483647;
			files = (
				9332D53D280BB0D000F9EEFA /* libinsight.dylib in Frameworks */,
			);
			runOnlyForDeploymentPostprocessing = 0;
		};
		9332D526280BAFD600F9EEFA /* Frameworks */ = {
			isa = PBXFrameworksBuildPhase;
			buildActionMask = 2147483647;
			files = (
				9332D53A280BB0A200F9EEFA /* Cocoa.framework in Frameworks */,
				9332D53C280BB0BC00F9EEFA /* ScriptingBridge.framework in Frameworks */,
				9332D53B280BB0B000F9EEFA /* AppKit.framework in Frameworks */,
			);
			runOnlyForDeploymentPostprocessing = 0;
		};
/* End PBXFrameworksBuildPhase section */

/* Begin PBXGroup section */
		584B96DD0C15856221947783 /* mpeg */ = {
			isa = PBXGroup;
			children = (
				934CC85B27DC30EC001135DA /* mpeg_file.cpp */,
				934CC85C27DC30EC001135DA /* mpeg_file.hpp */,
				934CC85F27DC3506001135DA /* mpeg_header.cpp */,
				934CC85E27DC34D0001135DA /* mpeg_header.hpp */,
			);
			path = mpeg;
			sourceTree = "<group>";
		};
		584B9E319A70C89FFDE71702 /* wav */ = {
			isa = PBXGroup;
			children = (
				935EECC8280DEF6900DA4AA7 /* list */,
				9326A17927DA48AC00BA78B0 /* bext_chunk.hpp */,
				939443B8280631AF00D0B4C4 /* bext_chunk.cpp */,
				9326A16427D9D56F00BA78B0 /* wave_file.cpp */,
				9326A16527D9D56F00BA78B0 /* wave_file.hpp */,
				939443B62806263B00D0B4C4 /* cue_chunk.cpp */,
				939443B72806263B00D0B4C4 /* cue_chunk.hpp */,
				9332D544280BECA900F9EEFA /* list_chunk.cpp */,
				9332D545280BECA900F9EEFA /* list_chunk.hpp */,
				935EECB8280DB88D00DA4AA7 /* chunk_id.cpp */,
				935EECB9280DB88D00DA4AA7 /* chunk_id.hpp */,
				935EECBC280DC71B00DA4AA7 /* fmt_chunk.cpp */,
				935EECBD280DC71B00DA4AA7 /* fmt_chunk.hpp */,
				935EECC0280DD3C800DA4AA7 /* chunk.hpp */,
				935EECC2280DD81400DA4AA7 /* default_chunk.cpp */,
				935EECC3280DD81400DA4AA7 /* default_chunk.hpp */,
				935EECC6280DDE4800DA4AA7 /* chunk.cpp */,
				935EECCD280E396D00DA4AA7 /* chunk_cache.hpp */,
			);
			path = wav;
			sourceTree = "<group>";
		};
		930A0A0E27DD29F400D5566D /* platform */ = {
			isa = PBXGroup;
			children = (
				930A0A0F27DD2A0000D5566D /* mac */,
			);
			path = platform;
			sourceTree = "<group>";
		};
		930A0A0F27DD2A0000D5566D /* mac */ = {
			isa = PBXGroup;
			children = (
				9326A17027D9F3BA00BA78B0 /* Finder.h */,
				9363EE2327DD308A0099D4D9 /* browser_mac.mm */,
				9363EE2427DD308A0099D4D9 /* browser_mac.hpp */,
			);
			path = mac;
			sourceTree = "<group>";
		};
		930A0A1127DD2A9900D5566D /* insight */ = {
			isa = PBXGroup;
			children = (
				930A0A0E27DD29F400D5566D /* platform */,
				584B96DD0C15856221947783 /* mpeg */,
				584B9E319A70C89FFDE71702 /* wav */,
				9326A16D27D9DA4A00BA78B0 /* audio_file.hpp */,
				9326A17727DA2CDB00BA78B0 /* buffer.hpp */,
				9363EE2627DD322E0099D4D9 /* swap_endian.hpp */,
				93ED7C902804ADFC009759E5 /* platform.cpp */,
				93ED7C912804ADFC009759E5 /* platform.hpp */,
			);
			path = insight;
			sourceTree = "<group>";
		};
		9326A14E27D9C8CE00BA78B0 = {
			isa = PBXGroup;
			children = (
				9332D543280BD4FD00F9EEFA /* TODO.txt */,
				9326A16927D9D6D800BA78B0 /* Source */,
				9326A15827D9C8CE00BA78B0 /* Products */,
				9326A16127D9C8E400BA78B0 /* Frameworks */,
			);
			sourceTree = "<group>";
		};
		9326A15827D9C8CE00BA78B0 /* Products */ = {
			isa = PBXGroup;
			children = (
				9326A15727D9C8CE00BA78B0 /* ai_wavtime */,
				9332D528280BAFD600F9EEFA /* libinsight.dylib */,
			);
			name = Products;
			sourceTree = "<group>";
		};
		9326A16127D9C8E400BA78B0 /* Frameworks */ = {
			isa = PBXGroup;
			children = (
				9326A17427D9F3EF00BA78B0 /* ScriptingBridge.framework */,
				9326A17227D9F3E700BA78B0 /* AppKit.framework */,
				9326A16227D9C8E400BA78B0 /* Cocoa.framework */,
			);
			name = Frameworks;
			sourceTree = "<group>";
		};
		9326A16927D9D6D800BA78B0 /* Source */ = {
			isa = PBXGroup;
			children = (
				9381C50B27EE7519009B414B /* ai_wavtime.cpp */,
				9381C50C27EE7519009B414B /* ai_wavtime.hpp */,
				930A0A1127DD2A9900D5566D /* insight */,
				9332D523280BACBF00F9EEFA /* ctpl_stl.h */,
			);
			path = Source;
			sourceTree = "<group>";
		};
		935EECC8280DEF6900DA4AA7 /* list */ = {
			isa = PBXGroup;
			children = (
				935EECC9280DEF8E00DA4AA7 /* adtl_list_data.cpp */,
				935EECCA280DEF8E00DA4AA7 /* adtl_list_data.hpp */,
			);
			path = list;
			sourceTree = "<group>";
		};
/* End PBXGroup section */

/* Begin PBXHeadersBuildPhase section */
		9332D524280BAFD600F9EEFA /* Headers */ = {
			isa = PBXHeadersBuildPhase;
			buildActionMask = 2147483647;
			files = (
				935EECC5280DD81400DA4AA7 /* default_chunk.hpp in Headers */,
				9332D547280BECA900F9EEFA /* list_chunk.hpp in Headers */,
				935EECCC280DEF8E00DA4AA7 /* adtl_list_data.hpp in Headers */,
				935EECCE280E396D00DA4AA7 /* chunk_cache.hpp in Headers */,
				935EECBF280DC71B00DA4AA7 /* fmt_chunk.hpp in Headers */,
				935EECBB280DB88D00DA4AA7 /* chunk_id.hpp in Headers */,
				935EECC1280DD3C800DA4AA7 /* chunk.hpp in Headers */,
			);
			runOnlyForDeploymentPostprocessing = 0;
		};
/* End PBXHeadersBuildPhase section */

/* Begin PBXNativeTarget section */
		9326A15627D9C8CE00BA78B0 /* ai_wavtime */ = {
			isa = PBXNativeTarget;
			buildConfigurationList = 9326A15E27D9C8CE00BA78B0 /* Build configuration list for PBXNativeTarget "ai_wavtime" */;
			buildPhases = (
				9326A15327D9C8CE00BA78B0 /* Sources */,
				9326A15427D9C8CE00BA78B0 /* Frameworks */,
				9326A15527D9C8CE00BA78B0 /* CopyFiles */,
				9332D541280BB0D000F9EEFA /* Embed Libraries */,
			);
			buildRules = (
			);
			dependencies = (
				9332D532280BB03000F9EEFA /* PBXTargetDependency */,
				9332D540280BB0D000F9EEFA /* PBXTargetDependency */,
			);
			name = ai_wavtime;
			productName = audio_file_insight;
			productReference = 9326A15727D9C8CE00BA78B0 /* ai_wavtime */;
			productType = "com.apple.product-type.tool";
		};
		9332D527280BAFD600F9EEFA /* insight */ = {
			isa = PBXNativeTarget;
			buildConfigurationList = 9332D52E280BAFD600F9EEFA /* Build configuration list for PBXNativeTarget "insight" */;
			buildPhases = (
				9332D524280BAFD600F9EEFA /* Headers */,
				9332D525280BAFD600F9EEFA /* Sources */,
				9332D526280BAFD600F9EEFA /* Frameworks */,
			);
			buildRules = (
			);
			dependencies = (
			);
			name = insight;
			productName = insight;
			productReference = 9332D528280BAFD600F9EEFA /* libinsight.dylib */;
			productType = "com.apple.product-type.library.dynamic";
		};
/* End PBXNativeTarget section */

/* Begin PBXProject section */
		9326A14F27D9C8CE00BA78B0 /* Project object */ = {
			isa = PBXProject;
			attributes = {
				BuildIndependentTargetsInParallel = 1;
				LastUpgradeCheck = 1320;
				TargetAttributes = {
					9326A15627D9C8CE00BA78B0 = {
						CreatedOnToolsVersion = 13.2.1;
					};
					9332D527280BAFD600F9EEFA = {
						CreatedOnToolsVersion = 13.3.1;
					};
				};
			};
			buildConfigurationList = 9326A15227D9C8CE00BA78B0 /* Build configuration list for PBXProject "insight" */;
			compatibilityVersion = "Xcode 13.0";
			developmentRegion = en;
			hasScannedForEncodings = 0;
			knownRegions = (
				en,
				Base,
			);
			mainGroup = 9326A14E27D9C8CE00BA78B0;
			productRefGroup = 9326A15827D9C8CE00BA78B0 /* Products */;
			projectDirPath = "";
			projectRoot = "";
			targets = (
				9326A15627D9C8CE00BA78B0 /* ai_wavtime */,
				9332D527280BAFD600F9EEFA /* insight */,
			);
		};
/* End PBXProject section */

/* Begin PBXSourcesBuildPhase section */
		9326A15327D9C8CE00BA78B0 /* Sources */ = {
			isa = PBXSourcesBuildPhase;
			buildActionMask = 2147483647;
			files = (
				9381C50D27EE7519009B414B /* ai_wavtime.cpp in Sources */,
				9326A17127D9F3BA00BA78B0 /* Finder.h in Sources */,
			);
			runOnlyForDeploymentPostprocessing = 0;
		};
		9332D525280BAFD600F9EEFA /* Sources */ = {
			isa = PBXSourcesBuildPhase;
			buildActionMask = 2147483647;
			files = (
				9332D536280BB04800F9EEFA /* wave_file.cpp in Sources */,
				9332D533280BB03D00F9EEFA /* mpeg_file.cpp in Sources */,
				9332D542280BB0DE00F9EEFA /* browser_mac.mm in Sources */,
				935EECC7280DDE4800DA4AA7 /* chunk.cpp in Sources */,
				935EECBA280DB88D00DA4AA7 /* chunk_id.cpp in Sources */,
				9332D546280BECA900F9EEFA /* list_chunk.cpp in Sources */,
				935EECC4280DD81400DA4AA7 /* default_chunk.cpp in Sources */,
				935EECBE280DC71B00DA4AA7 /* fmt_chunk.cpp in Sources */,
				9332D534280BB04100F9EEFA /* mpeg_header.cpp in Sources */,
				9332D535280BB04500F9EEFA /* bext_chunk.cpp in Sources */,
				9332D537280BB04C00F9EEFA /* cue_chunk.cpp in Sources */,
				9332D538280BB05100F9EEFA /* platform.cpp in Sources */,
				935EECCB280DEF8E00DA4AA7 /* adtl_list_data.cpp in Sources */,
			);
			runOnlyForDeploymentPostprocessing = 0;
		};
/* End PBXSourcesBuildPhase section */

/* Begin PBXTargetDependency section */
		9332D532280BB03000F9EEFA /* PBXTargetDependency */ = {
			isa = PBXTargetDependency;
			target = 9332D527280BAFD600F9EEFA /* insight */;
			targetProxy = 9332D531280BB03000F9EEFA /* PBXContainerItemProxy */;
		};
		9332D540280BB0D000F9EEFA /* PBXTargetDependency */ = {
			isa = PBXTargetDependency;
			target = 9332D527280BAFD600F9EEFA /* insight */;
			targetProxy = 9332D53F280BB0D000F9EEFA /* PBXContainerItemProxy */;
		};
/* End PBXTargetDependency section */

/* Begin XCBuildConfiguration section */
		9326A15C27D9C8CE00BA78B0 /* Debug */ = {
			isa = XCBuildConfiguration;
			buildSettings = {
				ALWAYS_SEARCH_USER_PATHS = NO;
				CLANG_ANALYZER_NONNULL = YES;
				CLANG_ANALYZER_NUMBER_OBJECT_CONVERSION = YES_AGGRESSIVE;
				CLANG_CXX_LANGUAGE_STANDARD = "gnu++17";
				CLANG_CXX_LIBRARY = "libc++";
				CLANG_ENABLE_MODULES = YES;
				CLANG_ENABLE_OBJC_ARC = YES;
				CLANG_ENABLE_OBJC_WEAK = YES;
				CLANG_WARN_BLOCK_CAPTURE_AUTORELEASING = YES;
				CLANG_WARN_BOOL_CONVERSION = YES;
				CLANG_WARN_COMMA = YES;
				CLANG_WARN_CONSTANT_CONVERSION = YES;
				CLANG_WARN_DEPRECATED_OBJC_IMPLEMENTATIONS = YES;
				CLANG_WARN_DIRECT_OBJC_ISA_USAGE = YES_ERROR;
				CLANG_WARN_DOCUMENTATION_COMMENTS = YES;
				CLANG_WARN_EMPTY_BODY = YES;
				CLANG_WARN_ENUM_CONVERSION = YES;
				CLANG_WARN_INFINITE_RECURSION = YES;
				CLANG_WARN_INT_CONVERSION = YES;
				CLANG_WARN_NON_LITERAL_NULL_CONVERSION = YES;
				CLANG_WARN_OBJC_IMPLICIT_RETAIN_SELF = YES;
				CLANG_WARN_OBJC_LITERAL_CONVERSION = YES;
				CLANG_WARN_OBJC_ROOT_CLASS = YES_ERROR;
				CLANG_WARN_QUOTED_INCLUDE_IN_FRAMEWORK_HEADER = YES;
				CLANG_WARN_RANGE_LOOP_ANALYSIS = YES;
				CLANG_WARN_STRICT_PROTOTYPES = YES;
				CLANG_WARN_SUSPICIOUS_MOVE = YES;
				CLANG_WARN_UNGUARDED_AVAILABILITY = YES_AGGRESSIVE;
				CLANG_WARN_UNREACHABLE_CODE = YES;
				CLANG_WARN__DUPLICATE_METHOD_MATCH = YES;
				COPY_PHASE_STRIP = NO;
				DEBUG_INFORMATION_FORMAT = dwarf;
				ENABLE_STRICT_OBJC_MSGSEND = YES;
				ENABLE_TESTABILITY = YES;
				GCC_C_LANGUAGE_STANDARD = gnu11;
				GCC_DYNAMIC_NO_PIC = NO;
				GCC_NO_COMMON_BLOCKS = YES;
				GCC_OPTIMIZATION_LEVEL = 0;
				GCC_PREPROCESSOR_DEFINITIONS = (
					"DEBUG=1",
					"$(inherited)",
				);
				GCC_WARN_64_TO_32_BIT_CONVERSION = YES;
				GCC_WARN_ABOUT_RETURN_TYPE = YES_ERROR;
				GCC_WARN_UNDECLARED_SELECTOR = YES;
				GCC_WARN_UNINITIALIZED_AUTOS = YES_AGGRESSIVE;
				GCC_WARN_UNUSED_FUNCTION = YES;
				GCC_WARN_UNUSED_VARIABLE = YES;
				MACOSX_DEPLOYMENT_TARGET = 12.1;
				MTL_ENABLE_DEBUG_INFO = INCLUDE_SOURCE;
				MTL_FAST_MATH = YES;
				ONLY_ACTIVE_ARCH = YES;
				SDKROOT = macosx;
			};
			name = Debug;
		};
		9326A15D27D9C8CE00BA78B0 /* Release */ = {
			isa = XCBuildConfiguration;
			buildSettings = {
				ALWAYS_SEARCH_USER_PATHS = NO;
				CLANG_ANALYZER_NONNULL = YES;
				CLANG_ANALYZER_NUMBER_OBJECT_CONVERSION = YES_AGGRESSIVE;
				CLANG_CXX_LANGUAGE_STANDARD = "gnu++17";
				CLANG_CXX_LIBRARY = "libc++";
				CLANG_ENABLE_MODULES = YES;
				CLANG_ENABLE_OBJC_ARC = YES;
				CLANG_ENABLE_OBJC_WEAK = YES;
				CLANG_WARN_BLOCK_CAPTURE_AUTORELEASING = YES;
				CLANG_WARN_BOOL_CONVERSION = YES;
				CLANG_WARN_COMMA = YES;
				CLANG_WARN_CONSTANT_CONVERSION = YES;
				CLANG_WARN_DEPRECATED_OBJC_IMPLEMENTATIONS = YES;
				CLANG_WARN_DIRECT_OBJC_ISA_USAGE = YES_ERROR;
				CLANG_WARN_DOCUMENTATION_COMMENTS = YES;
				CLANG_WARN_EMPTY_BODY = YES;
				CLANG_WARN_ENUM_CONVERSION = YES;
				CLANG_WARN_INFINITE_RECURSION = YES;
				CLANG_WARN_INT_CONVERSION = YES;
				CLANG_WARN_NON_LITERAL_NULL_CONVERSION = YES;
				CLANG_WARN_OBJC_IMPLICIT_RETAIN_SELF = YES;
				CLANG_WARN_OBJC_LITERAL_CONVERSION = YES;
				CLANG_WARN_OBJC_ROOT_CLASS = YES_ERROR;
				CLANG_WARN_QUOTED_INCLUDE_IN_FRAMEWORK_HEADER = YES;
				CLANG_WARN_RANGE_LOOP_ANALYSIS = YES;
				CLANG_WARN_STRICT_PROTOTYPES = YES;
				CLANG_WARN_SUSPICIOUS_MOVE = YES;
				CLANG_WARN_UNGUARDED_AVAILABILITY = YES_AGGRESSIVE;
				CLANG_WARN_UNREACHABLE_CODE = YES;
				CLANG_WARN__DUPLICATE_METHOD_MATCH = YES;
				COPY_PHASE_STRIP = NO;
				DEBUG_INFORMATION_FORMAT = "dwarf-with-dsym";
				ENABLE_NS_ASSERTIONS = NO;
				ENABLE_STRICT_OBJC_MSGSEND = YES;
				GCC_C_LANGUAGE_STANDARD = gnu11;
				GCC_NO_COMMON_BLOCKS = YES;
				GCC_WARN_64_TO_32_BIT_CONVERSION = YES;
				GCC_WARN_ABOUT_RETURN_TYPE = YES_ERROR;
				GCC_WARN_UNDECLARED_SELECTOR = YES;
				GCC_WARN_UNINITIALIZED_AUTOS = YES_AGGRESSIVE;
				GCC_WARN_UNUSED_FUNCTION = YES;
				GCC_WARN_UNUSED_VARIABLE = YES;
				MACOSX_DEPLOYMENT_TARGET = 12.1;
				MTL_ENABLE_DEBUG_INFO = NO;
				MTL_FAST_MATH = YES;
				SDKROOT = macosx;
			};
			name = Release;
		};
		9326A15F27D9C8CE00BA78B0 /* Debug */ = {
			isa = XCBuildConfiguration;
			buildSettings = {
				CODE_SIGN_IDENTITY = "-";
				CODE_SIGN_STYLE = Manual;
				DEVELOPMENT_TEAM = "";
				ENABLE_HARDENED_RUNTIME = NO;
				HEADER_SEARCH_PATHS = "$(SRCROOT)/Source";
				LD_RUNPATH_SEARCH_PATHS = "";
				LIBRARY_SEARCH_PATHS = .;
				MACOSX_DEPLOYMENT_TARGET = 11.5;
				PRODUCT_NAME = "$(TARGET_NAME)";
			};
			name = Debug;
		};
		9326A16027D9C8CE00BA78B0 /* Release */ = {
			isa = XCBuildConfiguration;
			buildSettings = {
				CODE_SIGN_IDENTITY = "-";
				CODE_SIGN_STYLE = Manual;
				DEVELOPMENT_TEAM = "";
				ENABLE_HARDENED_RUNTIME = NO;
				HEADER_SEARCH_PATHS = "$(SRCROOT)/Source";
				LD_RUNPATH_SEARCH_PATHS = "";
				LIBRARY_SEARCH_PATHS = .;
				MACOSX_DEPLOYMENT_TARGET = 11.5;
				PRODUCT_NAME = "$(TARGET_NAME)";
			};
			name = Release;
		};
		9332D52F280BAFD600F9EEFA /* Debug */ = {
			isa = XCBuildConfiguration;
			buildSettings = {
				CODE_SIGN_STYLE = Automatic;
				DEVELOPMENT_TEAM = AH4JHGKRDZ;
				DYLIB_COMPATIBILITY_VERSION = 1;
				DYLIB_CURRENT_VERSION = 1;
				EXECUTABLE_PREFIX = lib;
				FRAMEWORK_SEARCH_PATHS = "$(";
				HEADER_SEARCH_PATHS = "$(SRCROOT)/Source";
				INSTALL_PATH = "@executable_path";
				MACOSX_DEPLOYMENT_TARGET = 11.5;
				PRODUCT_NAME = "$(TARGET_NAME)";
				SKIP_INSTALL = YES;
			};
			name = Debug;
		};
		9332D530280BAFD600F9EEFA /* Release */ = {
			isa = XCBuildConfiguration;
			buildSettings = {
				CODE_SIGN_STYLE = Automatic;
				DEVELOPMENT_TEAM = AH4JHGKRDZ;
				DYLIB_COMPATIBILITY_VERSION = 1;
				DYLIB_CURRENT_VERSION = 1;
				EXECUTABLE_PREFIX = lib;
				FRAMEWORK_SEARCH_PATHS = "$(";
				HEADER_SEARCH_PATHS = "$(SRCROOT)/Source";
				INSTALL_PATH = "@executable_path";
				MACOSX_DEPLOYMENT_TARGET = 11.5;
				PRODUCT_NAME = "$(TARGET_NAME)";
				SKIP_INSTALL = YES;
			};
			name = Release;
		};
/* End XCBuildConfiguration section */

/* Begin XCConfigurationList section */
		9326A15227D9C8CE00BA78B0 /* Build configuration list for PBXProject "insight" */ = {
			isa = XCConfigurationList;
			buildConfigurations = (
				9326A15C27D9C8CE00BA78B0 /* Debug */,
				9326A15D27D9C8CE00BA78B0 /* Release */,
			);
			defaultConfigurationIsVisible = 0;
			defaultConfigurationName = Release;
		};
		9326A15E27D9C8CE00BA78B0 /* Build configuration list for PBXNativeTarget "ai_wavtime" */ = {
			isa = XCConfigurationList;
			buildConfigurations = (
				9326A15F27D9C8CE00BA78B0 /* Debug */,
				9326A16027D9C8CE00BA78B0 /* Release */,
			);
			defaultConfigurationIsVisible = 0;
			defaultConfigurationName = Release;
		};
		9332D52E280BAFD600F9EEFA /* Build configuration list for PBXNativeTarget "insight" */ = {
			isa = XCConfigurationList;
			buildConfigurations = (
				9332D52F280BAFD600F9EEFA /* Debug */,
				9332D530280BAFD600F9EEFA /* Release */,
			);
			defaultConfigurationIsVisible = 0;
			defaultConfigurationName = Release;
		};
/* End XCConfigurationList section */
	};
	rootObject = 9326A14F27D9C8CE00BA78B0 /* Project object */;
}
